
Microsoft Visual Studio Solution File, Format Version 12.00
# Visual Studio Version 17
VisualStudioVersion = 17.1.32319.34
MinimumVisualStudioVersion = 10.0.40219.1
Project("{FAE04EC0-301F-11D3-BF4B-00C04F79EFBC}") = "GarageLogic", "GarageLogic\GarageLogic.csproj", "{F758B6D4-5B6C-4377-BB7C-0B0726EF75E8}"
EndProject
Project("{FAE04EC0-301F-11D3-BF4B-00C04F79EFBC}") = "ConsoleUI", "ConsoleUI\ConsoleUI.csproj", "{6A8910A4-FA0F-49C0-A246-B7CD1D14D945}"
EndProject
Global
	GlobalSection(SolutionConfigurationPlatforms) = preSolution
		Debug|Any CPU = Debug|Any CPU
		Release|Any CPU = Release|Any CPU
	EndGlobalSection
	GlobalSection(ProjectConfigurationPlatforms) = postSolution
		{F758B6D4-5B6C-4377-BB7C-0B0726EF75E8}.Debug|Any CPU.ActiveCfg = Debug|Any CPU
		{F758B6D4-5B6C-4377-BB7C-0B0726EF75E8}.Debug|Any CPU.Build.0 = Debug|Any CPU
		{F758B6D4-5B6C-4377-BB7C-0B0726EF75E8}.Release|Any CPU.ActiveCfg = Release|Any CPU
		{F758B6D4-5B6C-4377-BB7C-0B0726EF75E8}.Release|Any CPU.Build.0 = Release|Any CPU
		{6A8910A4-FA0F-49C0-A246-B7CD1D14D945}.Debug|Any CPU.ActiveCfg = Debug|Any CPU
		{6A8910A4-FA0F-49C0-A246-B7CD1D14D945}.Debug|Any CPU.Build.0 = Debug|Any CPU
		{6A8910A4-FA0F-49C0-A246-B7CD1D14D945}.Release|Any CPU.ActiveCfg = Release|Any CPU
		{6A8910A4-FA0F-49C0-A246-B7CD1D14D945}.Release|Any CPU.Build.0 = Release|Any CPU
	EndGlobalSection
	GlobalSection(SolutionProperties) = preSolution
		HideSolutionNode = FALSE
	EndGlobalSection
	GlobalSection(ExtensibilityGlobals) = postSolution
		SolutionGuid = {924846E9-F28C-4BFA-B693-8BE1D287BA9A}
	EndGlobalSection
EndGlobal
